# sha256 of every model file, FluidInference/supertonic-3-coreml@512104b0229d08fab9f1e8e9e5280858231cc4fc
b836b72b388c2bc009a13bcc495cd08278a1742b1a866cdaf7faab7d80786bcb  DurationPredictor.mlmodelc/analytics/coremldata.bin
3ee71b864377bd54479f6b07d141ed37c9fc49718aba6dba21c56cc5cb975be0  DurationPredictor.mlmodelc/coremldata.bin
e87f25d43a28b967628e6c0089535390687203e54520e7e3223c771b26fbc0bd  DurationPredictor.mlmodelc/model.mil
7f709c544087966d6b2538ac50b7a4014d6e1049e21d713cf3bc71c4c5b9307c  DurationPredictor.mlmodelc/weights/weight.bin
b39c208b46f180dcbf4cfcd3b4437eeb93371fb77d6d636b99ca3ddff5327253  TextEncoder.mlmodelc/analytics/coremldata.bin
4349aa84bb4a4731e3be09eb235e1816a3d0c88500b151479e08fe15662a446c  TextEncoder.mlmodelc/coremldata.bin
6ef23a27a343f540bee78f5b2e85bbd83443c960c151d0e3bd57ffe5c6082ed1  TextEncoder.mlmodelc/model.mil
7c7afa5d02426a8a363c9cef0e27ce64a5c57a67d1a59f60aac0ac58ffb9877f  TextEncoder.mlmodelc/weights/weight.bin
7bc35092cc1cf49dd0d636872b834a8af7163cff04f2d4971d694da59cdf1e0c  VectorEstimatorVariants/VectorEstimator_L128_int4.mlmodelc/analytics/coremldata.bin
f2ef040d1fa25f7a4bffcb7e1932fed6c3a216c28809fb6f60c24174aa5176d0  VectorEstimatorVariants/VectorEstimator_L128_int4.mlmodelc/coremldata.bin
a78dffeaa0f087d574789f4b42c10a35862d6cc59cb09fce187108a11c612d7a  VectorEstimatorVariants/VectorEstimator_L128_int4.mlmodelc/model.mil
1ef6a7d8fefe4b785cbb96532ce2c1bf479471bbeabcec04c2e893550ea8e2a3  VectorEstimatorVariants/VectorEstimator_L128_int4.mlmodelc/weights/weight.bin
5e154dc53fb21bc33d0ac10a9a5ce9ca2d45172d87c258dd6772a2cc8bfd7536  VectorEstimatorVariants/VectorEstimator_L256_int4.mlmodelc/analytics/coremldata.bin
f9629c8cc85e15853f2edde4ec36e7abc4eae5b6707dd95eedbeb19fb2c9382a  VectorEstimatorVariants/VectorEstimator_L256_int4.mlmodelc/coremldata.bin
35ddb3cd2ba5de724cd30e7465bc4eae9b7bf2bbbc030b312203c7e76a88142f  VectorEstimatorVariants/VectorEstimator_L256_int4.mlmodelc/model.mil
71ca80054430e290efa804aa88a3c862d6edb901367af8dd7db5a70f49ae623c  VectorEstimatorVariants/VectorEstimator_L256_int4.mlmodelc/weights/weight.bin
981debe92ec0b3a942dc275155da876272a9137ada8e78dcc60d8c25f3248776  VectorEstimatorVariants/VectorEstimator_L512_int4.mlmodelc/analytics/coremldata.bin
6abedfe4ae4d4cffb5ad29f20bb1fd5516113ce275e3556c9a711fdc4215ef84  VectorEstimatorVariants/VectorEstimator_L512_int4.mlmodelc/coremldata.bin
f3813c0220c72bb7b039decdcaaa89dac8cab188a2d3e5847b8fb17f09dca2df  VectorEstimatorVariants/VectorEstimator_L512_int4.mlmodelc/model.mil
fd60d308e99c5be4796981f54bff2e0fe6983706bd31b48f331ddcd3239524a9  VectorEstimatorVariants/VectorEstimator_L512_int4.mlmodelc/weights/weight.bin
4fe1b825137629a96dc58a1339bc4ece32041b755f99d638f21a153f2e7faed6  Vocoder.mlmodelc/analytics/coremldata.bin
dbf54fc98879ee1c9a213452e16d09367f3c34ad489b175bcae7ef5f74f8d121  Vocoder.mlmodelc/coremldata.bin
5f57d6b16a4ee7237e046a423c265aa2c487857eb0003bba1c89fa66e577353f  Vocoder.mlmodelc/model.mil
b45e4c17a45cc4de30dcedae9f662548aa35f8f9763632c342b8bbef3089fcee  Vocoder.mlmodelc/weights/weight.bin
42078d3aef1cd43ab43021f3c54f47d2d75ceb4e75f627f118890128b06a0d09  tts.json
9bf7346e43883a81f8645c81224f786d43c5b57f3641f6e7671a7d6c493cb24f  unicode_indexer.json
bbdec6ee00231c2c742ad05483df5334cab3b52fda3ba38e6a07059c4563dbc2  voice_styles/F1.json
7c722c6a72707b1a77f035d67f0d1351ba187738e06f7683e8c72b1df3477fc6  voice_styles/F2.json
12f6ef2573baa2defa1128069cb59f203e3ab67c92af77b42df8a0e3a2f7c6ab  voice_styles/F3.json
c2fa764c1225a76dfc3e2c73e8aa4f70d9ee48793860eb34c295fff01c2e032b  voice_styles/F4.json
45966e73316415626cf41a7d1c6f3b4c70dbc1ba2bee5c1978ef0ce33244fc8d  voice_styles/F5.json
e35604687f5d23694b8e91593a93eec0e4eca6c0b02bb8ed69139ab2ea6b0a5b  voice_styles/M1.json
b76cbf62bac707c710cf0ae5aba5e31eea1a6339a9734bfae33ab98499534a50  voice_styles/M2.json
ea1ac35ccb91b0d7ecad533a2fbd0eec10c91513d8951e3b25fbba99954e159b  voice_styles/M3.json
ca8eefad4fcd989c9379032ff3e50738adc547eeb5e221b82593a6d7b3bac303  voice_styles/M4.json
dd22b92740314321f8ae11c5e87f8dd60d060f15dd3a632b5adf77f471f77af2  voice_styles/M5.json
